{
  "name": "spring-maven",
  "lockfileVersion": 2,
  "requires": true,
  "packages": {
    "": {
      "dependencies": {
        "clientjs": "^0.1.11",
        "dexie-relationships": "^1.2.11"
      }
    },
    "node_modules/clientjs": {
      "version": "0.1.11",
      "resolved": "https://registry.npmjs.org/clientjs/-/clientjs-0.1.11.tgz",
      "integrity": "sha1-Rm4bE8Ipo8u9hIT5hTHc1lj4EFQ=",
      "hasInstallScript": true
    },
    "node_modules/dexie": {
      "version": "2.0.4",
      "resolved": "https://registry.npmjs.org/dexie/-/dexie-2.0.4.tgz",
      "integrity": "sha512-aQ/s1U2wHxwBKRrt2Z/mwFNHMQWhESerFsMYzE+5P5OsIe5o1kgpFMWkzKTtkvkyyEni6mWr/T4HUJuY9xIHLA==",
      "peer": true,
      "engines": {
        "node": ">=6.0"
      }
    },
    "node_modules/dexie-relationships": {
      "version": "1.2.11",
      "resolved": "https://registry.npmjs.org/dexie-relationships/-/dexie-relationships-1.2.11.tgz",
      "integrity": "sha512-dptIUMiCiEPnSPyZno6yOrmFo+xf0Y1PVC4LX2HO/VgPAYIoaf/wMcC7mbna+RMZ6wRIOEb4T+lgR5v21q2EnA==",
      "peerDependencies": {
        "dexie": "^2.0.0-beta.10"
      }
    }
  },
  "dependencies": {
    "clientjs": {
      "version": "0.1.11",
      "resolved": "https://registry.npmjs.org/clientjs/-/clientjs-0.1.11.tgz",
      "integrity": "sha1-Rm4bE8Ipo8u9hIT5hTHc1lj4EFQ="
    },
    "dexie": {
      "version": "2.0.4",
      "resolved": "https://registry.npmjs.org/dexie/-/dexie-2.0.4.tgz",
      "integrity": "sha512-aQ/s1U2wHxwBKRrt2Z/mwFNHMQWhESerFsMYzE+5P5OsIe5o1kgpFMWkzKTtkvkyyEni6mWr/T4HUJuY9xIHLA==",
      "peer": true
    },
    "dexie-relationships": {
      "version": "1.2.11",
      "resolved": "https://registry.npmjs.org/dexie-relationships/-/dexie-relationships-1.2.11.tgz",
      "integrity": "sha512-dptIUMiCiEPnSPyZno6yOrmFo+xf0Y1PVC4LX2HO/VgPAYIoaf/wMcC7mbna+RMZ6wRIOEb4T+lgR5v21q2EnA==",
      "requires": {}
    }
  }
}
